{
  "name": "SmartCity",
  "lockfileVersion": 3,
  "requires": true,
  "packages": {
    "": {
      "name": "SmartCity",
      "dependencies": {
        "@deck.gl/google-maps": "^9.0.6",
        "@vis.gl/react-google-maps": "^0.8.3"
      }
    },
    "node_modules/@babel/runtime": {
      "version": "7.24.4",
      "resolved": "https://registry.npmjs.org/@babel/runtime/-/runtime-7.24.4.tgz",
      "integrity": "sha512-dkxf7+hn8mFBwKjs9bvBlArzLVxVbS8usaPUDd5p2a9JCL9tB8OaOVN1isD4+Xyk4ns89/xeOmbQvgdK7IIVdA==",
      "peer": true,
      "dependencies": {
        "regenerator-runtime": "^0.14.0"
      },
      "engines": {
        "node": ">=6.9.0"
      }
    },
    "node_modules/@deck.gl/core": {
      "version": "9.0.6",
      "resolved": "https://registry.npmjs.org/@deck.gl/core/-/core-9.0.6.tgz",
      "integrity": "sha512-fVuAG7LfEjhSLbxzovGzQ6q6ARmLKooEJtMORWOOQE3TvI3Yt9PnRNlldLzdD5xXFcG5QSdiNH7C1Y7xnoh2EA==",
      "peer": true,
      "dependencies": {
        "@loaders.gl/core": "^4.1.4",
        "@loaders.gl/images": "^4.1.4",
        "@luma.gl/constants": "^9.0.9",
        "@luma.gl/core": "^9.0.9",
        "@luma.gl/engine": "^9.0.9",
        "@luma.gl/shadertools": "^9.0.9",
        "@luma.gl/webgl": "^9.0.9",
        "@math.gl/core": "^4.0.0",
        "@math.gl/sun": "^4.0.0",
        "@math.gl/web-mercator": "^4.0.0",
        "@probe.gl/env": "^4.0.9",
        "@probe.gl/log": "^4.0.9",
        "@probe.gl/stats": "^4.0.9",
        "@types/offscreencanvas": "^2019.6.4",
        "gl-matrix": "^3.0.0",
        "mjolnir.js": "^2.7.0"
      }
    },
    "node_modules/@deck.gl/google-maps": {
      "version": "9.0.6",
      "resolved": "https://registry.npmjs.org/@deck.gl/google-maps/-/google-maps-9.0.6.tgz",
      "integrity": "sha512-MteXz7LxoFFzbb5N27K6eE2kescMRxAPMuiQsclmIKrXzagFyf1kbdj5kwdRYGeNmlJTKoXpbfyMS3ARsteUCw==",
      "dependencies": {
        "@luma.gl/constants": "^9.0.9",
        "@math.gl/core": "^4.0.0",
        "@types/google.maps": "^3.48.6"
      },
      "peerDependencies": {
        "@deck.gl/core": "^9.0.0",
        "@luma.gl/core": "^9.0.0"
      }
    },
    "node_modules/@loaders.gl/core": {
      "version": "4.1.4",
      "resolved": "https://registry.npmjs.org/@loaders.gl/core/-/core-4.1.4.tgz",
      "integrity": "sha512-ItlVE76qBVkrZfD8Jc9Kqv9lcntFxkZf1mhY/chk05gVe4tHRiplbNUZI4ghT3yHNY6uYoSdjl9QAOc/FDppmA==",
      "peer": true,
      "dependencies": {
        "@babel/runtime": "^7.3.1",
        "@loaders.gl/loader-utils": "4.1.4",
        "@loaders.gl/worker-utils": "4.1.4",
        "@probe.gl/log": "^4.0.2"
      }
    },
    "node_modules/@loaders.gl/images": {
      "version": "4.1.4",
      "resolved": "https://registry.npmjs.org/@loaders.gl/images/-/images-4.1.4.tgz",
      "integrity": "sha512-uSdm1YTwhLkHw7wuwX50y8Ng8SPAfSa0L+b1Ac5XlfmFaUkt9BJ/+rdhfkYhAmbKP+IT47/BsDUHfS3XJmTZ4A==",
      "peer": true,
      "dependencies": {
        "@loaders.gl/loader-utils": "4.1.4"
      }
    },
    "node_modules/@loaders.gl/loader-utils": {
      "version": "4.1.4",
      "resolved": "https://registry.npmjs.org/@loaders.gl/loader-utils/-/loader-utils-4.1.4.tgz",
      "integrity": "sha512-H4JefiK3plFqQxENWx/Mzlx6WtkIvQ21if4VV+UQ/OB3bbq6QuLFHrWBHUx2z4z9QSBj1johiF1KGplgi/unWA==",
      "peer": true,
      "dependencies": {
        "@babel/runtime": "^7.3.1",
        "@loaders.gl/worker-utils": "4.1.4",
        "@probe.gl/stats": "^4.0.2"
      }
    },
    "node_modules/@loaders.gl/worker-utils": {
      "version": "4.1.4",
      "resolved": "https://registry.npmjs.org/@loaders.gl/worker-utils/-/worker-utils-4.1.4.tgz",
      "integrity": "sha512-6SsOcS+aoI7/f/ak1vlpwlhzDXMbO8ivUIyDmCazPpRMnpFP7ig/H2yctvlGnUTUhsv1oJCRt4vPnhKefhCFvg==",
      "peer": true,
      "dependencies": {
        "@babel/runtime": "^7.3.1"
      }
    },
    "node_modules/@luma.gl/constants": {
      "version": "9.0.9",
      "resolved": "https://registry.npmjs.org/@luma.gl/constants/-/constants-9.0.9.tgz",
      "integrity": "sha512-o8NgH4F//e2wVWyZoYmaoopoTejDEITBP78fJtU2ivmCW1viCvByUawEXISPzsekHosDYo9q1/XFjmusXZa3fQ=="
    },
    "node_modules/@luma.gl/core": {
      "version": "9.0.9",
      "resolved": "https://registry.npmjs.org/@luma.gl/core/-/core-9.0.9.tgz",
      "integrity": "sha512-G0N4+bSWLU6gt3grgzF5xf+vMnfYaryHFLDkAeZV5kJ2helnfzUsjwUKCEYk36V2vygu7TEXlByYgwestB7+Ew==",
      "peer": true,
      "dependencies": {
        "@math.gl/types": "^4.0.0",
        "@probe.gl/env": "^4.0.2",
        "@probe.gl/log": "^4.0.2",
        "@probe.gl/stats": "^4.0.2",
        "@types/offscreencanvas": "^2019.6.4"
      }
    },
    "node_modules/@luma.gl/engine": {
      "version": "9.0.9",
      "resolved": "https://registry.npmjs.org/@luma.gl/engine/-/engine-9.0.9.tgz",
      "integrity": "sha512-4qW4OCYaGZJ/iGqerAtnP8FzcNtnXvv+aShLkE4ay2D4zdOIML5kZSLslmU/ByZ3FR606k0c5AjTBOgZ77lkiQ==",
      "peer": true,
      "dependencies": {
        "@luma.gl/shadertools": "9.0.9",
        "@math.gl/core": "^4.0.0",
        "@probe.gl/log": "^4.0.2",
        "@probe.gl/stats": "^4.0.2"
      },
      "peerDependencies": {
        "@luma.gl/core": "^9.0.0"
      }
    },
    "node_modules/@luma.gl/shadertools": {
      "version": "9.0.9",
      "resolved": "https://registry.npmjs.org/@luma.gl/shadertools/-/shadertools-9.0.9.tgz",
      "integrity": "sha512-99wfDMtkIeWziAf96UrqXteJi4uBFvMN0TdU8TvTv0V6BJRjd1xZVWnF9Xx2D+DPH9Mmn4q/hQH0NJ0sQlYeHw==",
      "peer": true,
      "dependencies": {
        "@math.gl/core": "^4.0.0",
        "@math.gl/types": "^4.0.0"
      },
      "peerDependencies": {
        "@luma.gl/core": "^9.0.0"
      }
    },
    "node_modules/@luma.gl/webgl": {
      "version": "9.0.9",
      "resolved": "https://registry.npmjs.org/@luma.gl/webgl/-/webgl-9.0.9.tgz",
      "integrity": "sha512-dP91Md5u6OnK3PFt0h1uqcxWh3T/COBHyZ5OcAirRUB1laFdzhdXUWbtuvLgpF6b7o0MsaEUcXaAbYf+e7lEzA==",
      "peer": true,
      "dependencies": {
        "@luma.gl/constants": "9.0.9",
        "@probe.gl/env": "^4.0.2"
      },
      "peerDependencies": {
        "@luma.gl/core": "^9.0.0"
      }
    },
    "node_modules/@math.gl/core": {
      "version": "4.0.1",
      "resolved": "https://registry.npmjs.org/@math.gl/core/-/core-4.0.1.tgz",
      "integrity": "sha512-9IewNjR9V66o+gYIIq5agFoHy6ZT6DRpRGQBfsUpZz4glAqOjVt64he8GGzjpmqfT+kKT4qwQ7nQl/hZLF15qA==",
      "dependencies": {
        "@math.gl/types": "4.0.1"
      }
    },
    "node_modules/@math.gl/sun": {
      "version": "4.0.1",
      "resolved": "https://registry.npmjs.org/@math.gl/sun/-/sun-4.0.1.tgz",
      "integrity": "sha512-nDkQZ9PKd5iMySRM1j01hYG6MwA/MkKXZe4JvArggWUtPXL6nCcPSeiifPXQGIvE9eZdQkbn81StNY9q5l0cFg==",
      "peer": true
    },
    "node_modules/@math.gl/types": {
      "version": "4.0.1",
      "resolved": "https://registry.npmjs.org/@math.gl/types/-/types-4.0.1.tgz",
      "integrity": "sha512-E9qBKAjVBiZD8Is7TbygiLGtYBP3GSLus6RUJSuzFQegdYXeVagvrs4UkBJxhrRAxw4crfH0Tq7IhTMKuuJNQw=="
    },
    "node_modules/@math.gl/web-mercator": {
      "version": "4.0.1",
      "resolved": "https://registry.npmjs.org/@math.gl/web-mercator/-/web-mercator-4.0.1.tgz",
      "integrity": "sha512-eJ0nDw8140kJorf8ASyKRC53rI+UG6vPxpsKJiGRD6lXsoKTeKYebeEAXiGDWTvi2AMe6+xngxTqqwm58fL3Fw==",
      "peer": true
    },
    "node_modules/@probe.gl/env": {
      "version": "4.0.9",
      "resolved": "https://registry.npmjs.org/@probe.gl/env/-/env-4.0.9.tgz",
      "integrity": "sha512-AOmVMD0/j78mX+k4+qX7ZhE0sY9H+EaJgIO6trik0BwV6VcrwxTGCGFAeuRsIGhETDnye06tkLXccYatYxAYwQ==",
      "peer": true
    },
    "node_modules/@probe.gl/log": {
      "version": "4.0.9",
      "resolved": "https://registry.npmjs.org/@probe.gl/log/-/log-4.0.9.tgz",
      "integrity": "sha512-ebuZaodSRE9aC+3bVC7cKRHT8garXeT1jTbj1R5tQRqQYc9iGeT3iemVOHx5bN9Q6gAs/0j54iPI+1DvWMAW4A==",
      "peer": true,
      "dependencies": {
        "@probe.gl/env": "4.0.9"
      }
    },
    "node_modules/@probe.gl/stats": {
      "version": "4.0.9",
      "resolved": "https://registry.npmjs.org/@probe.gl/stats/-/stats-4.0.9.tgz",
      "integrity": "sha512-Q9Xt/sJUQaMsbjRKjOscv2t7wXIymTrOEJ4a3da4FTCn7bkKvcdxdyFAQySCrtPxE+YZ5I5lXpWPgv9BwmpE1g==",
      "peer": true
    },
    "node_modules/@types/google.maps": {
      "version": "3.55.7",
      "resolved": "https://registry.npmjs.org/@types/google.maps/-/google.maps-3.55.7.tgz",
      "integrity": "sha512-SlWFx0vo7RSAOC63+PTz8FeqLDaRYs7PrS/L0bZSKswxIN5TnCuckbeIwZpgD/S+DWalPteXfDbg5JsUER5Cyw=="
    },
    "node_modules/@types/hammerjs": {
      "version": "2.0.45",
      "resolved": "https://registry.npmjs.org/@types/hammerjs/-/hammerjs-2.0.45.tgz",
      "integrity": "sha512-qkcUlZmX6c4J8q45taBKTL3p+LbITgyx7qhlPYOdOHZB7B31K0mXbP5YA7i7SgDeEGuI9MnumiKPEMrxg8j3KQ==",
      "peer": true
    },
    "node_modules/@types/offscreencanvas": {
      "version": "2019.7.3",
      "resolved": "https://registry.npmjs.org/@types/offscreencanvas/-/offscreencanvas-2019.7.3.tgz",
      "integrity": "sha512-ieXiYmgSRXUDeOntE1InxjWyvEelZGP63M+cGuquuRLuIKKT1osnkXjxev9B7d1nXSug5vpunx+gNlbVxMlC9A==",
      "peer": true
    },
    "node_modules/@vis.gl/react-google-maps": {
      "version": "0.8.3",
      "resolved": "https://registry.npmjs.org/@vis.gl/react-google-maps/-/react-google-maps-0.8.3.tgz",
      "integrity": "sha512-iubZIH9MJSkJA9NCMwKkMlHb/iNSeXzVRE7fPVhkKJPId6TBvQcpKA98tirUXi2AfEkYL+IVcE3doL6WdeQ2QA==",
      "dependencies": {
        "@types/google.maps": "^3.54.10",
        "fast-deep-equal": "^3.1.3"
      },
      "peerDependencies": {
        "react": ">=16.8.0",
        "react-dom": ">=16.8.0"
      }
    },
    "node_modules/fast-deep-equal": {
      "version": "3.1.3",
      "resolved": "https://registry.npmjs.org/fast-deep-equal/-/fast-deep-equal-3.1.3.tgz",
      "integrity": "sha512-f3qQ9oQy9j2AhBe/H9VC91wLmKBCCU/gDOnKNAYG5hswO7BLKj09Hc5HYNz9cGI++xlpDCIgDaitVs03ATR84Q=="
    },
    "node_modules/gl-matrix": {
      "version": "3.4.3",
      "resolved": "https://registry.npmjs.org/gl-matrix/-/gl-matrix-3.4.3.tgz",
      "integrity": "sha512-wcCp8vu8FT22BnvKVPjXa/ICBWRq/zjFfdofZy1WSpQZpphblv12/bOQLBC1rMM7SGOFS9ltVmKOHil5+Ml7gA==",
      "peer": true
    },
    "node_modules/hammerjs": {
      "version": "2.0.8",
      "resolved": "https://registry.npmjs.org/hammerjs/-/hammerjs-2.0.8.tgz",
      "integrity": "sha512-tSQXBXS/MWQOn/RKckawJ61vvsDpCom87JgxiYdGwHdOa0ht0vzUWDlfioofFCRU0L+6NGDt6XzbgoJvZkMeRQ==",
      "peer": true,
      "engines": {
        "node": ">=0.8.0"
      }
    },
    "node_modules/js-tokens": {
      "version": "4.0.0",
      "resolved": "https://registry.npmjs.org/js-tokens/-/js-tokens-4.0.0.tgz",
      "integrity": "sha512-RdJUflcE3cUzKiMqQgsCu06FPu9UdIJO0beYbPhHN4k6apgJtifcoCtT9bcxOpYBtpD2kCM6Sbzg4CausW/PKQ==",
      "peer": true
    },
    "node_modules/loose-envify": {
      "version": "1.4.0",
      "resolved": "https://registry.npmjs.org/loose-envify/-/loose-envify-1.4.0.tgz",
      "integrity": "sha512-lyuxPGr/Wfhrlem2CL/UcnUc1zcqKAImBDzukY7Y5F/yQiNdko6+fRLevlw1HgMySw7f611UIY408EtxRSoK3Q==",
      "peer": true,
      "dependencies": {
        "js-tokens": "^3.0.0 || ^4.0.0"
      },
      "bin": {
        "loose-envify": "cli.js"
      }
    },
    "node_modules/mjolnir.js": {
      "version": "2.7.1",
      "resolved": "https://registry.npmjs.org/mjolnir.js/-/mjolnir.js-2.7.1.tgz",
      "integrity": "sha512-72BeUWgTv2cj5aZQKpwL8caNUFhXZ9bDm1hxpNj70XJQ62IBnTZmtv/WPxJvtaVNhzNo+D2U8O6ryNI0zImYcw==",
      "peer": true,
      "dependencies": {
        "@types/hammerjs": "^2.0.41",
        "hammerjs": "^2.0.8"
      },
      "engines": {
        "node": ">= 4",
        "npm": ">= 3"
      }
    },
    "node_modules/react": {
      "version": "18.2.0",
      "resolved": "https://registry.npmjs.org/react/-/react-18.2.0.tgz",
      "integrity": "sha512-/3IjMdb2L9QbBdWiW5e3P2/npwMBaU9mHCSCUzNln0ZCYbcfTsGbTJrU/kGemdH2IWmB2ioZ+zkxtmq6g09fGQ==",
      "peer": true,
      "dependencies": {
        "loose-envify": "^1.1.0"
      },
      "engines": {
        "node": ">=0.10.0"
      }
    },
    "node_modules/react-dom": {
      "version": "18.2.0",
      "resolved": "https://registry.npmjs.org/react-dom/-/react-dom-18.2.0.tgz",
      "integrity": "sha512-6IMTriUmvsjHUjNtEDudZfuDQUoWXVxKHhlEGSk81n4YFS+r/Kl99wXiwlVXtPBtJenozv2P+hxDsw9eA7Xo6g==",
      "peer": true,
      "dependencies": {
        "loose-envify": "^1.1.0",
        "scheduler": "^0.23.0"
      },
      "peerDependencies": {
        "react": "^18.2.0"
      }
    },
    "node_modules/regenerator-runtime": {
      "version": "0.14.1",
      "resolved": "https://registry.npmjs.org/regenerator-runtime/-/regenerator-runtime-0.14.1.tgz",
      "integrity": "sha512-dYnhHh0nJoMfnkZs6GmmhFknAGRrLznOu5nc9ML+EJxGvrx6H7teuevqVqCuPcPK//3eDrrjQhehXVx9cnkGdw==",
      "peer": true
    },
    "node_modules/scheduler": {
      "version": "0.23.0",
      "resolved": "https://registry.npmjs.org/scheduler/-/scheduler-0.23.0.tgz",
      "integrity": "sha512-CtuThmgHNg7zIZWAXi3AsyIzA3n4xx7aNyjwC2VJldO2LMVDhFK+63xGqq6CsJH4rTAt6/M+N4GhZiDYPx9eUw==",
      "peer": true,
      "dependencies": {
        "loose-envify": "^1.1.0"
      }
    }
  }
}
